
Microsoft Visual Studio Solution File, Format Version 12.00
# Visual Studio Version 17
VisualStudioVersion = 17.0.31903.59
MinimumVisualStudioVersion = 10.0.40219.1
Project("{FAE04EC0-301F-11D3-BF4B-00C04F79EFBC}") = "Aes.DAL", "Aes.DAL\Aes.DAL.csproj", "{A4E53251-37F5-4F3F-8160-CE1C82F83EE1}"
EndProject
Project("{FAE04EC0-301F-11D3-BF4B-00C04F79EFBC}") = "Aes.TestApp", "Aes.TestApp\Aes.TestApp.csproj", "{E88ACB71-28CE-4451-ABAE-0A3D8B7A2241}"
EndProject
Project("{FAE04EC0-301F-11D3-BF4B-00C04F79EFBC}") = "Aes.ManualTest", "Aes.ManualTest\Aes.ManualTest.csproj", "{83CB1351-3781-4299-B658-DEA451A2FC92}"
EndProject
Global
	GlobalSection(SolutionConfigurationPlatforms) = preSolution
		Debug|Any CPU = Debug|Any CPU
		Release|Any CPU = Release|Any CPU
	EndGlobalSection
	GlobalSection(SolutionProperties) = preSolution
		HideSolutionNode = FALSE
	EndGlobalSection
	GlobalSection(ProjectConfigurationPlatforms) = postSolution
		{A4E53251-37F5-4F3F-8160-CE1C82F83EE1}.Debug|Any CPU.ActiveCfg = Debug|Any CPU
		{A4E53251-37F5-4F3F-8160-CE1C82F83EE1}.Debug|Any CPU.Build.0 = Debug|Any CPU
		{A4E53251-37F5-4F3F-8160-CE1C82F83EE1}.Release|Any CPU.ActiveCfg = Release|Any CPU
		{A4E53251-37F5-4F3F-8160-CE1C82F83EE1}.Release|Any CPU.Build.0 = Release|Any CPU
		{E88ACB71-28CE-4451-ABAE-0A3D8B7A2241}.Debug|Any CPU.ActiveCfg = Debug|Any CPU
		{E88ACB71-28CE-4451-ABAE-0A3D8B7A2241}.Debug|Any CPU.Build.0 = Debug|Any CPU
		{E88ACB71-28CE-4451-ABAE-0A3D8B7A2241}.Release|Any CPU.ActiveCfg = Release|Any CPU
		{E88ACB71-28CE-4451-ABAE-0A3D8B7A2241}.Release|Any CPU.Build.0 = Release|Any CPU
		{83CB1351-3781-4299-B658-DEA451A2FC92}.Debug|Any CPU.ActiveCfg = Debug|Any CPU
		{83CB1351-3781-4299-B658-DEA451A2FC92}.Debug|Any CPU.Build.0 = Debug|Any CPU
		{83CB1351-3781-4299-B658-DEA451A2FC92}.Release|Any CPU.ActiveCfg = Release|Any CPU
		{83CB1351-3781-4299-B658-DEA451A2FC92}.Release|Any CPU.Build.0 = Release|Any CPU
	EndGlobalSection
EndGlobal
